
Microsoft Visual Studio Solution File, Format Version 12.00
# Visual Studio Version 16
VisualStudioVersion = 16.0.30621.155
MinimumVisualStudioVersion = 10.0.40219.1
Project("{9A19103F-16F7-4668-BE54-9A1E7A4F7556}") = "ChurchSite.Api", "src\ChurchSite.Api\ChurchSite.Api.csproj", "{3251EE85-CB6F-4A55-ABBF-80BD9D98CB4D}"
EndProject
Project("{FAE04EC0-301F-11D3-BF4B-00C04F79EFBC}") = "ChurchSite.Data", "src\ChurchSite.Data\ChurchSite.Data.csproj", "{A72997AD-CF3A-4F89-A09F-78CB1B1A443D}"
EndProject
Global
	GlobalSection(SolutionConfigurationPlatforms) = preSolution
		Debug|Any CPU = Debug|Any CPU
		Release|Any CPU = Release|Any CPU
	EndGlobalSection
	GlobalSection(ProjectConfigurationPlatforms) = postSolution
		{3251EE85-CB6F-4A55-ABBF-80BD9D98CB4D}.Debug|Any CPU.ActiveCfg = Debug|Any CPU
		{3251EE85-CB6F-4A55-ABBF-80BD9D98CB4D}.Debug|Any CPU.Build.0 = Debug|Any CPU
		{3251EE85-CB6F-4A55-ABBF-80BD9D98CB4D}.Release|Any CPU.ActiveCfg = Release|Any CPU
		{3251EE85-CB6F-4A55-ABBF-80BD9D98CB4D}.Release|Any CPU.Build.0 = Release|Any CPU
		{A72997AD-CF3A-4F89-A09F-78CB1B1A443D}.Debug|Any CPU.ActiveCfg = Debug|Any CPU
		{A72997AD-CF3A-4F89-A09F-78CB1B1A443D}.Debug|Any CPU.Build.0 = Debug|Any CPU
		{A72997AD-CF3A-4F89-A09F-78CB1B1A443D}.Release|Any CPU.ActiveCfg = Release|Any CPU
		{A72997AD-CF3A-4F89-A09F-78CB1B1A443D}.Release|Any CPU.Build.0 = Release|Any CPU
	EndGlobalSection
	GlobalSection(SolutionProperties) = preSolution
		HideSolutionNode = FALSE
	EndGlobalSection
	GlobalSection(ExtensibilityGlobals) = postSolution
		SolutionGuid = {6BEF48D1-C775-4C17-906E-6C7427B998A0}
	EndGlobalSection
EndGlobal
